
Microsoft Visual Studio Solution File, Format Version 12.00
# Visual Studio Version 17
VisualStudioVersion = 17.0.31903.59
MinimumVisualStudioVersion = 10.0.40219.1
Project("{2150E333-8FDC-42A3-9474-1A3956D46DE8}") = "src", "src", "{827E0CD3-B72D-47B6-A68D-7590B98EB39B}"
EndProject
Project("{2150E333-8FDC-42A3-9474-1A3956D46DE8}") = "core", "core", "{8D626EA8-CB54-BC41-363A-217881BEBA6E}"
EndProject
Project("{FAE04EC0-301F-11D3-BF4B-00C04F79EFBC}") = "ConfigSheetForge.Core", "src\core\ConfigSheetForge.Core\ConfigSheetForge.Core.csproj", "{E89C24DC-CB6C-46BC-8E1B-730F3C8E71E9}"
EndProject
Project("{2150E333-8FDC-42A3-9474-1A3956D46DE8}") = "providers", "providers", "{4158EF5F-2C93-D6F3-98CF-1EDBE6F18EA0}"
EndProject
Project("{2150E333-8FDC-42A3-9474-1A3956D46DE8}") = "lark", "lark", "{AE25CCF8-6997-7237-7EDE-2F5DD940FD29}"
EndProject
Project("{FAE04EC0-301F-11D3-BF4B-00C04F79EFBC}") = "ConfigSheetForge.Providers.Lark", "src\providers\lark\ConfigSheetForge.Providers.Lark\ConfigSheetForge.Providers.Lark.csproj", "{9BFC1469-45A1-47FF-8651-E3785FC9B95F}"
EndProject
Project("{2150E333-8FDC-42A3-9474-1A3956D46DE8}") = "cli", "cli", "{778427DF-EB2C-5228-964E-6D535DE253CA}"
EndProject
Project("{FAE04EC0-301F-11D3-BF4B-00C04F79EFBC}") = "ConfigSheetForge.Cli", "src\cli\ConfigSheetForge.Cli\ConfigSheetForge.Cli.csproj", "{01BAC2A1-DEE0-4576-AEEF-A9AB9B8B6ECF}"
EndProject
Project("{2150E333-8FDC-42A3-9474-1A3956D46DE8}") = "tests", "tests", "{0AB3BF05-4346-4AA6-1389-037BE0695223}"
EndProject
Project("{FAE04EC0-301F-11D3-BF4B-00C04F79EFBC}") = "ConfigSheetForge.Tests", "tests\ConfigSheetForge.Tests\ConfigSheetForge.Tests.csproj", "{51975E74-8F61-42CE-BA24-01AE775FAC5F}"
EndProject
Global
	GlobalSection(SolutionConfigurationPlatforms) = preSolution
		Debug|Any CPU = Debug|Any CPU
		Debug|x64 = Debug|x64
		Debug|x86 = Debug|x86
		Release|Any CPU = Release|Any CPU
		Release|x64 = Release|x64
		Release|x86 = Release|x86
	EndGlobalSection
	GlobalSection(ProjectConfigurationPlatforms) = postSolution
		{E89C24DC-CB6C-46BC-8E1B-730F3C8E71E9}.Debug|Any CPU.ActiveCfg = Debug|Any CPU
		{E89C24DC-CB6C-46BC-8E1B-730F3C8E71E9}.Debug|Any CPU.Build.0 = Debug|Any CPU
		{E89C24DC-CB6C-46BC-8E1B-730F3C8E71E9}.Debug|x64.ActiveCfg = Debug|Any CPU
		{E89C24DC-CB6C-46BC-8E1B-730F3C8E71E9}.Debug|x64.Build.0 = Debug|Any CPU
		{E89C24DC-CB6C-46BC-8E1B-730F3C8E71E9}.Debug|x86.ActiveCfg = Debug|Any CPU
		{E89C24DC-CB6C-46BC-8E1B-730F3C8E71E9}.Debug|x86.Build.0 = Debug|Any CPU
		{E89C24DC-CB6C-46BC-8E1B-730F3C8E71E9}.Release|Any CPU.ActiveCfg = Release|Any CPU
		{E89C24DC-CB6C-46BC-8E1B-730F3C8E71E9}.Release|Any CPU.Build.0 = Release|Any CPU
		{E89C24DC-CB6C-46BC-8E1B-730F3C8E71E9}.Release|x64.ActiveCfg = Release|Any CPU
		{E89C24DC-CB6C-46BC-8E1B-730F3C8E71E9}.Release|x64.Build.0 = Release|Any CPU
		{E89C24DC-CB6C-46BC-8E1B-730F3C8E71E9}.Release|x86.ActiveCfg = Release|Any CPU
		{E89C24DC-CB6C-46BC-8E1B-730F3C8E71E9}.Release|x86.Build.0 = Release|Any CPU
		{9BFC1469-45A1-47FF-8651-E3785FC9B95F}.Debug|Any CPU.ActiveCfg = Debug|Any CPU
		{9BFC1469-45A1-47FF-8651-E3785FC9B95F}.Debug|Any CPU.Build.0 = Debug|Any CPU
		{9BFC1469-45A1-47FF-8651-E3785FC9B95F}.Debug|x64.ActiveCfg = Debug|Any CPU
		{9BFC1469-45A1-47FF-8651-E3785FC9B95F}.Debug|x64.Build.0 = Debug|Any CPU
		{9BFC1469-45A1-47FF-8651-E3785FC9B95F}.Debug|x86.ActiveCfg = Debug|Any CPU
		{9BFC1469-45A1-47FF-8651-E3785FC9B95F}.Debug|x86.Build.0 = Debug|Any CPU
		{9BFC1469-45A1-47FF-8651-E3785FC9B95F}.Release|Any CPU.ActiveCfg = Release|Any CPU
		{9BFC1469-45A1-47FF-8651-E3785FC9B95F}.Release|Any CPU.Build.0 = Release|Any CPU
		{9BFC1469-45A1-47FF-8651-E3785FC9B95F}.Release|x64.ActiveCfg = Release|Any CPU
		{9BFC1469-45A1-47FF-8651-E3785FC9B95F}.Release|x64.Build.0 = Release|Any CPU
		{9BFC1469-45A1-47FF-8651-E3785FC9B95F}.Release|x86.ActiveCfg = Release|Any CPU
		{9BFC1469-45A1-47FF-8651-E3785FC9B95F}.Release|x86.Build.0 = Release|Any CPU
		{01BAC2A1-DEE0-4576-AEEF-A9AB9B8B6ECF}.Debug|Any CPU.ActiveCfg = Debug|Any CPU
		{01BAC2A1-DEE0-4576-AEEF-A9AB9B8B6ECF}.Debug|Any CPU.Build.0 = Debug|Any CPU
		{01BAC2A1-DEE0-4576-AEEF-A9AB9B8B6ECF}.Debug|x64.ActiveCfg = Debug|Any CPU
		{01BAC2A1-DEE0-4576-AEEF-A9AB9B8B6ECF}.Debug|x64.Build.0 = Debug|Any CPU
		{01BAC2A1-DEE0-4576-AEEF-A9AB9B8B6ECF}.Debug|x86.ActiveCfg = Debug|Any CPU
		{01BAC2A1-DEE0-4576-AEEF-A9AB9B8B6ECF}.Debug|x86.Build.0 = Debug|Any CPU
		{01BAC2A1-DEE0-4576-AEEF-A9AB9B8B6ECF}.Release|Any CPU.ActiveCfg = Release|Any CPU
		{01BAC2A1-DEE0-4576-AEEF-A9AB9B8B6ECF}.Release|Any CPU.Build.0 = Release|Any CPU
		{01BAC2A1-DEE0-4576-AEEF-A9AB9B8B6ECF}.Release|x64.ActiveCfg = Release|Any CPU
		{01BAC2A1-DEE0-4576-AEEF-A9AB9B8B6ECF}.Release|x64.Build.0 = Release|Any CPU
		{01BAC2A1-DEE0-4576-AEEF-A9AB9B8B6ECF}.Release|x86.ActiveCfg = Release|Any CPU
		{01BAC2A1-DEE0-4576-AEEF-A9AB9B8B6ECF}.Release|x86.Build.0 = Release|Any CPU
		{51975E74-8F61-42CE-BA24-01AE775FAC5F}.Debug|Any CPU.ActiveCfg = Debug|Any CPU
		{51975E74-8F61-42CE-BA24-01AE775FAC5F}.Debug|Any CPU.Build.0 = Debug|Any CPU
		{51975E74-8F61-42CE-BA24-01AE775FAC5F}.Debug|x64.ActiveCfg = Debug|Any CPU
		{51975E74-8F61-42CE-BA24-01AE775FAC5F}.Debug|x64.Build.0 = Debug|Any CPU
		{51975E74-8F61-42CE-BA24-01AE775FAC5F}.Debug|x86.ActiveCfg = Debug|Any CPU
		{51975E74-8F61-42CE-BA24-01AE775FAC5F}.Debug|x86.Build.0 = Debug|Any CPU
		{51975E74-8F61-42CE-BA24-01AE775FAC5F}.Release|Any CPU.ActiveCfg = Release|Any CPU
		{51975E74-8F61-42CE-BA24-01AE775FAC5F}.Release|Any CPU.Build.0 = Release|Any CPU
		{51975E74-8F61-42CE-BA24-01AE775FAC5F}.Release|x64.ActiveCfg = Release|Any CPU
		{51975E74-8F61-42CE-BA24-01AE775FAC5F}.Release|x64.Build.0 = Release|Any CPU
		{51975E74-8F61-42CE-BA24-01AE775FAC5F}.Release|x86.ActiveCfg = Release|Any CPU
		{51975E74-8F61-42CE-BA24-01AE775FAC5F}.Release|x86.Build.0 = Release|Any CPU
	EndGlobalSection
	GlobalSection(SolutionProperties) = preSolution
		HideSolutionNode = FALSE
	EndGlobalSection
	GlobalSection(NestedProjects) = preSolution
		{8D626EA8-CB54-BC41-363A-217881BEBA6E} = {827E0CD3-B72D-47B6-A68D-7590B98EB39B}
		{E89C24DC-CB6C-46BC-8E1B-730F3C8E71E9} = {8D626EA8-CB54-BC41-363A-217881BEBA6E}
		{4158EF5F-2C93-D6F3-98CF-1EDBE6F18EA0} = {827E0CD3-B72D-47B6-A68D-7590B98EB39B}
		{AE25CCF8-6997-7237-7EDE-2F5DD940FD29} = {4158EF5F-2C93-D6F3-98CF-1EDBE6F18EA0}
		{9BFC1469-45A1-47FF-8651-E3785FC9B95F} = {AE25CCF8-6997-7237-7EDE-2F5DD940FD29}
		{778427DF-EB2C-5228-964E-6D535DE253CA} = {827E0CD3-B72D-47B6-A68D-7590B98EB39B}
		{01BAC2A1-DEE0-4576-AEEF-A9AB9B8B6ECF} = {778427DF-EB2C-5228-964E-6D535DE253CA}
		{51975E74-8F61-42CE-BA24-01AE775FAC5F} = {0AB3BF05-4346-4AA6-1389-037BE0695223}
	EndGlobalSection
EndGlobal
